
Microsoft Visual Studio Solution File, Format Version 12.00
# Visual Studio 2012
Project("{FAE04EC0-301F-11D3-BF4B-00C04F79EFBC}") = "Latihan_1_1", "Latihan_1_1\Latihan_1_1.csproj", "{F9ADBA74-8F69-4348-B13E-877C284B6721}"
EndProject
Project("{FAE04EC0-301F-11D3-BF4B-00C04F79EFBC}") = "Latihan_2_1", "Latihan_2_1\Latihan_2_1.csproj", "{A7AC9B8F-69C1-41E2-88EA-D09DAF2C02A8}"
EndProject
Project("{FAE04EC0-301F-11D3-BF4B-00C04F79EFBC}") = "Latihan_3_1", "Latihan_3_1\Latihan_3_1.csproj", "{6154A9C6-DE20-4C88-BA39-FD2B16385C92}"
EndProject
Project("{FAE04EC0-301F-11D3-BF4B-00C04F79EFBC}") = "Latihan_4_1", "Latihan_4_1\Latihan_4_1.csproj", "{E295E3BB-0E67-4EF4-8F04-B8DA3A6E97CC}"
EndProject
Project("{FAE04EC0-301F-11D3-BF4B-00C04F79EFBC}") = "Latihan_5_1", "Latihan_5_1\Latihan_5_1.csproj", "{7D9D3319-BF14-40C3-A2DE-557CC1C9B30F}"
EndProject
Project("{FAE04EC0-301F-11D3-BF4B-00C04F79EFBC}") = "volleyball_problem", "volleyball_problem\volleyball_problem.csproj", "{D3E9EC9C-B4B5-4A06-814B-8F67E4907ED6}"
EndProject
Global
	GlobalSection(SolutionConfigurationPlatforms) = preSolution
		Debug|Any CPU = Debug|Any CPU
		Release|Any CPU = Release|Any CPU
	EndGlobalSection
	GlobalSection(ProjectConfigurationPlatforms) = postSolution
		{F9ADBA74-8F69-4348-B13E-877C284B6721}.Debug|Any CPU.ActiveCfg = Debug|Any CPU
		{F9ADBA74-8F69-4348-B13E-877C284B6721}.Debug|Any CPU.Build.0 = Debug|Any CPU
		{F9ADBA74-8F69-4348-B13E-877C284B6721}.Release|Any CPU.ActiveCfg = Release|Any CPU
		{F9ADBA74-8F69-4348-B13E-877C284B6721}.Release|Any CPU.Build.0 = Release|Any CPU
		{A7AC9B8F-69C1-41E2-88EA-D09DAF2C02A8}.Debug|Any CPU.ActiveCfg = Debug|Any CPU
		{A7AC9B8F-69C1-41E2-88EA-D09DAF2C02A8}.Debug|Any CPU.Build.0 = Debug|Any CPU
		{A7AC9B8F-69C1-41E2-88EA-D09DAF2C02A8}.Release|Any CPU.ActiveCfg = Release|Any CPU
		{A7AC9B8F-69C1-41E2-88EA-D09DAF2C02A8}.Release|Any CPU.Build.0 = Release|Any CPU
		{6154A9C6-DE20-4C88-BA39-FD2B16385C92}.Debug|Any CPU.ActiveCfg = Debug|Any CPU
		{6154A9C6-DE20-4C88-BA39-FD2B16385C92}.Debug|Any CPU.Build.0 = Debug|Any CPU
		{6154A9C6-DE20-4C88-BA39-FD2B16385C92}.Release|Any CPU.ActiveCfg = Release|Any CPU
		{6154A9C6-DE20-4C88-BA39-FD2B16385C92}.Release|Any CPU.Build.0 = Release|Any CPU
		{E295E3BB-0E67-4EF4-8F04-B8DA3A6E97CC}.Debug|Any CPU.ActiveCfg = Debug|Any CPU
		{E295E3BB-0E67-4EF4-8F04-B8DA3A6E97CC}.Debug|Any CPU.Build.0 = Debug|Any CPU
		{E295E3BB-0E67-4EF4-8F04-B8DA3A6E97CC}.Release|Any CPU.ActiveCfg = Release|Any CPU
		{E295E3BB-0E67-4EF4-8F04-B8DA3A6E97CC}.Release|Any CPU.Build.0 = Release|Any CPU
		{7D9D3319-BF14-40C3-A2DE-557CC1C9B30F}.Debug|Any CPU.ActiveCfg = Debug|Any CPU
		{7D9D3319-BF14-40C3-A2DE-557CC1C9B30F}.Debug|Any CPU.Build.0 = Debug|Any CPU
		{7D9D3319-BF14-40C3-A2DE-557CC1C9B30F}.Release|Any CPU.ActiveCfg = Release|Any CPU
		{7D9D3319-BF14-40C3-A2DE-557CC1C9B30F}.Release|Any CPU.Build.0 = Release|Any CPU
		{D3E9EC9C-B4B5-4A06-814B-8F67E4907ED6}.Debug|Any CPU.ActiveCfg = Debug|Any CPU
		{D3E9EC9C-B4B5-4A06-814B-8F67E4907ED6}.Debug|Any CPU.Build.0 = Debug|Any CPU
		{D3E9EC9C-B4B5-4A06-814B-8F67E4907ED6}.Release|Any CPU.ActiveCfg = Release|Any CPU
		{D3E9EC9C-B4B5-4A06-814B-8F67E4907ED6}.Release|Any CPU.Build.0 = Release|Any CPU
	EndGlobalSection
	GlobalSection(SolutionProperties) = preSolution
		HideSolutionNode = FALSE
	EndGlobalSection
EndGlobal
